
Microsoft Visual Studio Solution File, Format Version 12.00
# Visual Studio Version 17
VisualStudioVersion = 17.11.35431.28
MinimumVisualStudioVersion = 10.0.40219.1
Project("{FAE04EC0-301F-11D3-BF4B-00C04F79EFBC}") = "ABCIgnite", "ABCIgnite\ABCIgnite.csproj", "{F53C3272-AC23-4DD7-95E2-9E942E35B4B2}"
EndProject
Global
	GlobalSection(SolutionConfigurationPlatforms) = preSolution
		Debug|Any CPU = Debug|Any CPU
		Release|Any CPU = Release|Any CPU
	EndGlobalSection
	GlobalSection(ProjectConfigurationPlatforms) = postSolution
		{F53C3272-AC23-4DD7-95E2-9E942E35B4B2}.Debug|Any CPU.ActiveCfg = Debug|Any CPU
		{F53C3272-AC23-4DD7-95E2-9E942E35B4B2}.Debug|Any CPU.Build.0 = Debug|Any CPU
		{F53C3272-AC23-4DD7-95E2-9E942E35B4B2}.Release|Any CPU.ActiveCfg = Release|Any CPU
		{F53C3272-AC23-4DD7-95E2-9E942E35B4B2}.Release|Any CPU.Build.0 = Release|Any CPU
	EndGlobalSection
	GlobalSection(SolutionProperties) = preSolution
		HideSolutionNode = FALSE
	EndGlobalSection
	GlobalSection(ExtensibilityGlobals) = postSolution
		SolutionGuid = {13C0CA32-A10E-4D3B-A7C7-EB9C58276FEB}
	EndGlobalSection
EndGlobal
